
Microsoft Visual Studio Solution File, Format Version 12.00
# Visual Studio Version 16
VisualStudioVersion = 16.0.31624.102
MinimumVisualStudioVersion = 10.0.40219.1
Project("{FAE04EC0-301F-11D3-BF4B-00C04F79EFBC}") = "Tasks", "Tasks.csproj", "{BCCDC993-4D5F-48A8-9C9F-E9F5C3182C9B}"
EndProject
Global
	GlobalSection(SolutionConfigurationPlatforms) = preSolution
		Debug|Any CPU = Debug|Any CPU
		Release|Any CPU = Release|Any CPU
	EndGlobalSection
	GlobalSection(ProjectConfigurationPlatforms) = postSolution
		{BCCDC993-4D5F-48A8-9C9F-E9F5C3182C9B}.Debug|Any CPU.ActiveCfg = Debug|Any CPU
		{BCCDC993-4D5F-48A8-9C9F-E9F5C3182C9B}.Debug|Any CPU.Build.0 = Debug|Any CPU
		{BCCDC993-4D5F-48A8-9C9F-E9F5C3182C9B}.Release|Any CPU.ActiveCfg = Release|Any CPU
		{BCCDC993-4D5F-48A8-9C9F-E9F5C3182C9B}.Release|Any CPU.Build.0 = Release|Any CPU
	EndGlobalSection
	GlobalSection(SolutionProperties) = preSolution
		HideSolutionNode = FALSE
	EndGlobalSection
	GlobalSection(ExtensibilityGlobals) = postSolution
		SolutionGuid = {C40067EC-EA6F-4650-B803-37A3318310B1}
	EndGlobalSection
EndGlobal
